{
  "name": "xcx",
  "version": "1.0.0",
  "lockfileVersion": 1,
  "requires": true,
  "dependencies": {
    "@vant/weapp": {
      "version": "1.8.5",
      "resolved": "https://registry.nlark.com/@vant/weapp/download/@vant/weapp-1.8.5.tgz",
      "integrity": "sha1-ke31/3/mktQcO67d7859hv3fNB4="
    },
    "fast-deep-equal": {
      "version": "2.0.1",
      "resolved": "https://registry.npmjs.org/fast-deep-equal/-/fast-deep-equal-2.0.1.tgz",
      "integrity": "sha1-ewUhjd+WZ79/Nwv3/bLLFf3Qqkk="
    },
    "miniprogram-api-promise": {
      "version": "1.0.4",
      "resolved": "https://registry.npmjs.org/miniprogram-api-promise/-/miniprogram-api-promise-1.0.4.tgz",
      "integrity": "sha512-lS2ukj03Ugy8IJUDmdssklLT4kjzyRtVYwErhyDZkzxtqcxaed2xldRgNrsikigeMUBR9gAs7wgnjSKPlyKIYg=="
    },
    "miniprogram-computed": {
      "version": "4.0.6",
      "resolved": "https://registry.npmjs.org/miniprogram-computed/-/miniprogram-computed-4.0.6.tgz",
      "integrity": "sha512-px8qtXVRVzCQ29RQ6g+NlV1pb5gWQJQn4TEHqkXoLFzYIgqTLZhVq8CUbNkw16xpoReDU/avKUr5vKRoPFehTA==",
      "requires": {
        "fast-deep-equal": "^2.0.1",
        "rfdc": "^1.1.4"
      }
    },
    "mp-html": {
      "version": "2.1.5",
      "resolved": "https://registry.npmjs.org/mp-html/-/mp-html-2.1.5.tgz",
      "integrity": "sha512-Mxm6+a5fi9kNcTuDwf8t9fjU7b31t+VV2MEbFlzC1ovcZrTTjAi3KRTqXHTKfUWVzMYPd83EUitex1wgV6QJ4A=="
    },
    "rfdc": {
      "version": "1.3.0",
      "resolved": "https://registry.npmjs.org/rfdc/-/rfdc-1.3.0.tgz",
      "integrity": "sha512-V2hovdzFbOi77/WajaSMXk2OLm+xNIeQdMMuB7icj7bk6zi2F8GGAxigcnDFpJHbNyNcgyJDiP+8nOrY5cZGrA=="
    }
  }
}
